[[package]]
name = "appnope"
version = "0.1.0"
description = "Disable App Nap on OS X 10.9"
category = "main"
optional = false
python-versions = "*"
platform = "UNKNOWN"

[package.requirements]
platform = "darwin"
[[package]]
name = "attrs"
version = "17.4.0"
description = "Classes Without Boilerplate"
category = "dev"
optional = false
python-versions = "*"
platform = "*"

[[package]]
name = "backcall"
version = "0.1.0"
description = "Specifications for callback functions passed in to an API"
category = "main"
optional = false
python-versions = "*"
platform = "UNKNOWN"

[[package]]
name = "colorama"
version = "0.3.9"
description = "Cross-platform colored terminal text."
category = "main"
optional = false
python-versions = "*"
platform = "UNKNOWN"

[package.requirements]
platform = "win32"
[[package]]
name = "decorator"
version = "4.3.0"
description = "Better living through Python with decorators"
category = "main"
optional = false
python-versions = "*"
platform = "All"

[[package]]
name = "enum34"
version = "1.1.6"
description = "Python 3.4 Enum backported to 3.3, 3.2, 3.1, 2.7, 2.6, 2.5, and 2.4"
category = "main"
optional = false
python-versions = "*"
platform = "UNKNOWN"

[package.requirements]
python = "~2.7"
[[package]]
name = "funcsigs"
version = "1.0.2"
description = "Python function signatures from PEP362 for Python 2.6, 2.7 and 3.2+"
category = "dev"
optional = false
python-versions = "*"
platform = "UNKNOWN"

[package.dependencies]
ordereddict = "*"
[package.requirements]
python = "<3.0"
[[package]]
name = "ipython"
version = "6.3.1"
description = "IPython: Productive Interactive Computing"
category = "main"
optional = false
python-versions = ">=3.3"
platform = "Linux"

[package.dependencies]
win-unicode-console = ">= 0.5.0.0"
colorama = "*"
appnope = "*"
pexpect = "*"
pathlib2 = "*"
typing = "*"
traitlets = ">= 4.2.0.0"
simplegeneric = "> 0.8.0.0"
setuptools = ">= 18.5.0.0"
pygments = "*"
prompt-toolkit = "< 2.0.0.0, >= 1.0.15.0"
pickleshare = "*"
jedi = ">= 0.10.0.0"
decorator = "*"
backcall = "*"
[[package]]
name = "ipython-genutils"
version = "0.2.0"
description = "Vestigial utilities from IPython"
category = "main"
optional = false
python-versions = "*"
platform = "Linux"

[[package]]
name = "jedi"
version = "0.12.0"
description = "An autocompletion tool for Python that can be used for text editors."
category = "main"
optional = false
python-versions = ">=2.7, !=3.0.*, !=3.1.*, !=3.2.*"
platform = "any"

[package.dependencies]
parso = ">= 0.2.0.0"
[[package]]
name = "jinja2"
version = "2.10"
description = "A small but fast and easy to use stand-alone template engine written in pure python."
category = "main"
optional = false
python-versions = "*"
platform = "*"

[package.dependencies]
MarkupSafe = ">= 0.23.0.0"
[[package]]
name = "jupyter"
version = "1.0.0"
description = "Jupyter metapackage. Install all the Jupyter components in one go."
category = "main"
optional = false
python-versions = "*"
platform = "UNKNOWN"

[[package]]
name = "markupsafe"
version = "1.0"
description = "Implements a XML/HTML/XHTML Markup safe string for Python"
category = "main"
optional = false
python-versions = "*"
platform = "UNKNOWN"

[[package]]
name = "more-itertools"
version = "4.1.0"
description = "More routines for operating on iterables, beyond itertools"
category = "dev"
optional = false
python-versions = "*"
platform = "*"

[package.dependencies]
six = "< 2.0.0.0, >= 1.0.0.0"
[[package]]
name = "ordereddict"
version = "1.1"
description = "A drop-in substitute for Py2.7's new collections.OrderedDict that works in Python 2.4-2.6."
category = "dev"
optional = false
python-versions = "*"
platform = "UNKNOWN"

[package.requirements]
python = "<3.0"
[[package]]
name = "parso"
version = "0.2.0"
description = "A Python Parser"
category = "main"
optional = false
python-versions = "*"
platform = "any"

[[package]]
name = "pathlib2"
version = "2.3.2"
description = "Object-oriented filesystem paths"
category = "main"
optional = false
python-versions = "*"
platform = "*"

[package.dependencies]
scandir = "*"
six = "*"
[package.requirements]
python = "2.6.* || 2.7.* || 3.2.* || 3.3.*"
[[package]]
name = "pexpect"
version = "4.5.0"
description = "Pexpect allows easy control of interactive console applications."
category = "main"
optional = false
python-versions = "*"
platform = "UNIX"

[package.dependencies]
ptyprocess = ">= 0.5.0.0"
[package.requirements]
platform = "!=win32"
[[package]]
name = "pickleshare"
version = "0.7.4"
description = "Tiny 'shelve'-like database with concurrency support"
category = "main"
optional = false
python-versions = "*"
platform = "*"

[package.dependencies]
pathlib2 = "*"
[[package]]
name = "pillow"
version = "5.1.0"
description = "Python Imaging Library (Fork)"
category = "main"
optional = false
python-versions = ">=2.7, !=3.0.*, !=3.1.*, !=3.2.*, !=3.3.*"
platform = "*"

[[package]]
name = "pluggy"
version = "0.6.0"
description = "plugin and hook calling mechanisms for python"
category = "dev"
optional = false
python-versions = ">=2.7, !=3.0.*, !=3.1.*, !=3.2.*, !=3.3.*"
platform = "unix"

[[package]]
name = "prompt-toolkit"
version = "1.0.15"
description = "Library for building powerful interactive command lines in Python"
category = "main"
optional = false
python-versions = "*"
platform = "*"

[package.dependencies]
six = ">= 1.9.0.0"
wcwidth = "*"
[[package]]
name = "ptyprocess"
version = "0.5.2"
description = "Run a subprocess in a pseudo terminal"
category = "main"
optional = false
python-versions = "*"
platform = "*"

[package.requirements]
platform = "!=win32"
[[package]]
name = "py"
version = "1.5.3"
description = "library with cross-python path, ini-parsing, io, code, log facilities"
category = "dev"
optional = false
python-versions = ">=2.7, !=3.0.*, !=3.1.*, !=3.2.*, !=3.3.*"
platform = "unix"

[[package]]
name = "pygments"
version = "2.2.0"
description = "Pygments is a syntax highlighting package written in Python."
category = "main"
optional = false
python-versions = "*"
platform = "any"

[[package]]
name = "pytest"
version = "3.5.0"
description = "pytest: simple powerful testing with Python"
category = "dev"
optional = false
python-versions = ">=2.7, !=3.0.*, !=3.1.*, !=3.2.*, !=3.3.*"
platform = "unix"

[package.dependencies]
py = ">= 1.5.0.0"
six = ">= 1.10.0.0"
setuptools = "*"
attrs = ">= 17.4.0.0"
more-itertools = ">= 4.0.0.0"
pluggy = "< 0.7.0.0, >= 0.5.0.0"
funcsigs = "*"
colorama = "*"
[[package]]
name = "scandir"
version = "1.7"
description = "scandir, a better directory iterator and faster os.walk()"
category = "main"
optional = false
python-versions = "*"
platform = "*"

[package.requirements]
python = "2.6.* || 2.7.* || 3.2.* || 3.3.*"
[[package]]
name = "selenium"
version = "3.11.0"
description = "Python bindings for Selenium"
category = "main"
optional = false
python-versions = "*"
platform = "*"

[[package]]
name = "simplegeneric"
version = "0.8.1"
description = "Simple generic functions (similar to Python's own len(), pickle.dump(), etc.)"
category = "main"
optional = false
python-versions = "*"
platform = "UNKNOWN"

[[package]]
name = "six"
version = "1.11.0"
description = "Python 2 and 3 compatibility utilities"
category = "main"
optional = false
python-versions = "*"
platform = "*"

[[package]]
name = "traitlets"
version = "4.3.2"
description = "Traitlets Python config system"
category = "main"
optional = false
python-versions = "*"
platform = "Linux,Mac OS X,Windows"

[package.dependencies]
decorator = "*"
ipython-genutils = "*"
six = "*"
enum34 = "*"
[[package]]
name = "typing"
version = "3.6.4"
description = "Type Hints for Python"
category = "main"
optional = false
python-versions = "*"
platform = "*"

[package.requirements]
python = "<=3.4"
[[package]]
name = "wcwidth"
version = "0.1.7"
description = "Measures number of Terminal column cells of wide-character codes"
category = "main"
optional = false
python-versions = "*"
platform = "UNKNOWN"

[[package]]
name = "win-unicode-console"
version = "0.5"
description = "Enable Unicode input and display when running Python from Windows console."
category = "main"
optional = false
python-versions = "*"
platform = "UNKNOWN"

[package.requirements]
python = "<3.6"
platform = "win32"

[metadata]
python-versions = "*"
platform = "*"
content-hash = "2d2534b49a6f9342f9c8c9043869e02122888232a0a685f451c2cdc847d8beb7"

[metadata.hashes]
appnope = [ "5b26757dc6f79a3b7dc9fab95359328d5747fcb2409d331ea66d0272b90ab2a0", "8b995ffe925347a2138d7ac0fe77155e4311a0ea6d6da4f5128fe4b3cbe5ed71",]
attrs = [ "a17a9573a6f475c99b551c0e0a812707ddda1ec9653bed04c13841404ed6f450", "1c7960ccfd6a005cd9f7ba884e6316b5e430a3f1a6c37c5f87d8b43f83b54ec9",]
backcall = [ "38ecd85be2c1e78f77fd91700c76e14667dc21e2713b63876c0eb901196e01e4", "bbbf4b1e5cd2bdb08f915895b51081c041bac22394fdfcfdfbe9f14b77c08bf2",]
colorama = [ "463f8483208e921368c9f306094eb6f725c6ca42b0f97e313cb5d5512459feda", "48eb22f4f8461b1df5734a074b57042430fb06e1d61bd1e11b078c0fe6d7a1f1",]
decorator = [ "2c51dff8ef3c447388fe5e4453d24a2bf128d3a4c32af3fabef1f01c6851ab82", "c39efa13fbdeb4506c476c9b3babf6a718da943dab7811c206005a4a956c080c",]
enum34 = [ "6bd0f6ad48ec2aa117d3d141940d484deccda84d4fcd884f5c3d93c23ecd8c79", "644837f692e5f550741432dd3f223bbb9852018674981b1664e5dc339387588a", "8ad8c4783bf61ded74527bffb48ed9b54166685e4230386a9ed9b1279e2df5b1", "2d81cbbe0e73112bdfe6ef8576f2238f2ba27dd0d55752a776c41d38b7da2850",]
funcsigs = [ "330cc27ccbf7f1e992e69fef78261dc7c6569012cf397db8d3de0234e6c937ca", "a7bb0f2cf3a3fd1ab2732cb49eba4252c2af4240442415b4abce3b87022a8f50",]
ipython = [ "85882f97d75122ff8cdfe129215a408085a26039527110c8d4a2b8a5e45b7639", "a6ac981381b3f5f604b37a293369963485200e3639fb0404fa76092383c10c41",]
ipython-genutils = [ "72dd37233799e619666c9f639a9da83c34013a73e8bbc79a7a6348d93c61fab8", "eb2e116e75ecef9d4d228fdc66af54269afa26ab4463042e33785b887c628ba8",]
jedi = [ "5861f6dc0c16e024cbb0044999f9cf8013b292c05f287df06d3d991a87a4eb89", "1972f694c6bc66a2fac8718299e2ab73011d653a6d8059790c3476d2353b99ad",]
jinja2 = [ "74c935a1b8bb9a3947c50a54766a969d4846290e1e788ea44c1392163723c3bd", "f84be1bb0040caca4cea721fcbbbbd61f9be9464ca236387158b0feea01914a4",]
jupyter = [ "5b290f93b98ffbc21c0c7e749f054b3267782166d72fa5e3ed1ed4eaf34a2b78", "d9dc4b3318f310e34c82951ea5d6683f67bed7def4b259fafbfe4f1beb1d8e5f", "3e1f86076bbb7c8c207829390305a2b1fe836d471ed54be66a3b8c41e7f46cc7",]
markupsafe = [ "a6be69091dac236ea9c6bc7d012beab42010fa914c459791d627dad4910eb665",]
more-itertools = [ "11a625025954c20145b37ff6309cd54e39ca94f72f6bb9576d1195db6fa2442e", "0dd8f72eeab0d2c3bd489025bb2f6a1b8342f9b198f6fc37b52d15cfa4531fea", "c9ce7eccdcb901a2c75d326ea134e0886abfbea5f93e91cc95de9507c0816c44",]
ordereddict = [ "1c35b4ac206cef2d24816c89f89cf289dd3d38cf7c449bb3fab7bf6d43f01b1f",]
parso = [ "a75a304d7090d2c67bd298091c14ef9d3d560e3c53de1c239617889f61d1d307", "62bd6bf7f04ab5c817704ff513ef175328676471bdef3629d4bdd46626f75551",]
pathlib2 = [ "d1aa2a11ba7b8f7b21ab852b1fb5afb277e1bb99d5dfc663380b5015c0d80c5a", "8eb170f8d0d61825e09a95b38be068299ddeda82f35e96c3301a8a5e7604cb83",]
pexpect = [ "9783f4644a3ef8528a6f20374eeb434431a650c797ca6d8df0d81e30fffdfa24", "9f8eb3277716a01faafaba553d629d3d60a1a624c7cf45daa600d2148c30020c",]
pickleshare = [ "c9a2541f25aeabc070f12f452e1f2a8eae2abd51e1cd19e8430402bdf4c1d8b5", "84a9257227dfdd6fe1b4be1319096c20eb85ff1e82c7932f36efccfe1b09737b",]
pillow = [ "f0d4433adce6075efd24fc0285135248b0b50f5a58129c7e552030e04fe45c7f", "81762cf5fca9a82b53b7b2d0e6b420e0f3b06167b97678c81d00470daa622d58", "b48401752496757e95304a46213c3155bc911ac884bed2e9b275ce1c1df3e293", "040144ba422216aecf7577484865ade90e1a475f867301c48bf9fbd7579efd76", "b6cf18f9e653a8077522bb3aa753a776b117e3e0cc872c25811cfdf1459491c2", "4d32c8e3623a61d6e29ccd024066cd1ba556555abfb4cd714155020e00107e3f", "438a3faf5f702c8d0f80b9f9f9b8382cfa048ca6a0d64ef71b86b563b0ee0359", "1cb38df69362af35c14d4a50123b63c7ff18ec9a6d4d5da629a6f19d05e16ba8", "4d8077fd649ac40a5c4165f2c22fa2a4ad18c668e271ecb2f9d849d1017a9313", "bb8adab1877e9213385cbb1adc297ed8337e01872c42a30cfaa66ff8c422779c", "f1f3bd92f8e12dc22884935a73c9f94c4d9bd0d34410c456540713d6b7832b8c", "6eca36905444c4b91fe61f1b9933a47a30480738a1dd26501ff67d94fc2bc112", "f7634d534662bbb08976db801ba27a112aee23e597eeaf09267b4575341e45bf", "eeb247f4f4d962942b3b555530b0c63b77473c7bfe475e51c6b75b7344b49ce3", "ea0091cd4100519cedfeea2c659f52291f535ac6725e2368bcf59e874f270efa", "e87cc1acbebf263f308a8494272c2d42016aa33c32bf14d209c81e1f65e11868", "3b4560c3891b05022c464b09121bd507c477505a4e19d703e1027a3a7c68d896", "7673e7473a13107059377c96c563aa36f73184c29d2926882e0a0210b779a1e7", "fe6931db24716a0845bd8c8915bd096b77c2a7043e6fc59ae9ca364fe816f08b", "f5f302db65e2e0ae96e26670818157640d3ca83a3054c290eff3631598dcf819", "9b66e968da9c4393f5795285528bc862c7b97b91251f31a08004a3c626d18114", "62ec7ae98357fcd46002c110bb7cad15fce532776f0cbe7ca1d44c49b837d49d", "d0dc1313dff48af64517cbbd85e046d6b477fbe5e9d69712801f024dcb08c62b", "00633bc2ec40313f4daf351855e506d296ec3c553f21b66720d0f1225ca84c6f", "16246261ff22368e5e32ad74d5ef40403ab6895171a7fc6d34f6c17cfc0f1943", "e52e8f675ba0b2b417fa98579e7286a41a8e23871f17f4793772f5aa884fea79", "6c7cab6a05351cf61e469937c49dbf3cdf5ffb3eeac71f8d22dc9be3507598d8", "e39142332541ed2884c257495504858b22c078a5d781059b07aba4c3a80d7551", "8554bbeb4218d9cfb1917c69e6f2d2ad0be9b18a775d2162547edf992e1f5f1f", "2400e122f7b21d9801798207e424cbe1f716cee7314cd0c8963fdb6fc564b5fb", "a00edb2dec0035e98ac3ec768086f0b06dfabb4ad308592ede364ef573692f55", "fdd374c02e8bb2d6468a85be50ea66e1c4ef9e809974c30d8576728473a6ed03", "df5863a21f91de5ecdf7d32a32f406dd9867ebb35d41033b8bd9607a21887599", "472a124c640bde4d5468f6991c9fa7e30b723d84ac4195a77c6ab6aea30f2b9c", "cee9bc75bff455d317b6947081df0824a8f118de2786dc3d74a3503fd631f4ef", "2ee6364b270b56a49e8b8a51488e847ab130adc1220c171bed6818c0d4742455", "03514478db61b034fc5d38b9bf060f994e5916776e93f02e59732a8270069c61", "74e2ebfd19c16c28ad43b8a28ff73b904ed382ea4875188838541751986e8c9a", "e6dd55d5d94b9e36929325dd0c9ab85bfde84a5fc35947c334c32af1af668944", "f42a87cbf50e905f49f053c0b1fb86c911c730624022bf44c8857244fc4cdaca", "d5bf527ed83617edd1855a5c923eeeaf68bcb9ac0ceb28e3f19b575b3a424984", "41374a6afb3f44794410dab54a0d7175e6209a5a02d407119c81083f1a4c1841", "c8a4b39ba380b57a31a4b5449a9d257b1302d8bc4799767e645dcee25725efe1",]
pluggy = [ "d345c8fe681115900d6da8d048ba67c25df42973bda370783cd58826442dcd7c", "e160a7fcf25762bb60efc7e171d4497ff1d8d2d75a3d0df7a21b76821ecbf5c5", "7f8ae7f5bdf75671a718d2daf0a64b7885f74510bcd98b1a0bb420eb9a9d0cff",]
prompt-toolkit = [ "3f473ae040ddaa52b52f97f6b4a493cfa9f5920c255a12dc56a7d34397a398a4", "1df952620eccb399c53ebb359cc7d9a8d3a9538cb34c5a1344bdbeb29fbcc381", "858588f1983ca497f1cf4ffde01d978a3ea02b01c8a26a8bbc5cd2e66d816917",]
ptyprocess = [ "e8c43b5eee76b2083a9badde89fd1bbce6c8942d1045146e100b7b5e014f4f1a", "e64193f0047ad603b71f202332ab5527c5e52aa7c8b609704fc28c0dc20c4365",]
py = [ "983f77f3331356039fdd792e9220b7b8ee1aa6bd2b25f567a963ff1de5a64f6a", "29c9fab495d7528e80ba1e343b958684f4ace687327e6f789a94bf3d1915f881",]
pygments = [ "78f3f434bcc5d6ee09020f92ba487f95ba50f1e3ef83ae96b9d5ffa1bab25c5d", "dbae1046def0efb574852fab9e90209b23f556367b5a320c0bcb871c77c3e8cc",]
pytest = [ "6266f87ab64692112e5477eba395cfedda53b1933ccd29478e671e73b420c19c", "fae491d1874f199537fd5872b5e1f0e74a009b979df9d53d1553fd03da1703e1",]
scandir = [ "f39dd5affde2860fb28176d2233f318ccca97c55019407ee8172b3fba0b211db", "7729b8444c5f5187649ff58501e7c2ad22b84d7dc28f738f64c5b615913fec22", "b6cb611a18a828146a178362a36a2c6557c51c596ded4314cb516dd8c947b4ce", "d985e36eb3effebb20434e6cd7495440b4ba676a22f3ec61e9fff9f3e2995238", "24f32112c483ac6c4a40b62f1282e61ecca7977153b66a0d26a9583a716dcb64", "b55a091b91f9e6c9c7129889b2f58df329530172a99172de9e784545342a45e6", "f91418e82edb5a43b020fa15e30a41d730b71c5957536749366bf63cc05427b1", "6c80092f8fe3e62c3da3110067589c6661c722b0889906d2974e5150f1314523", "96dfc553f50946deb6d1cd762bac5cf122832c4aa253c885ca357ef53dd8d072", "8e3ca5925cc13787aeafbf08f055a8066c091fc20bfa8783235b916cf047afbe", "b2d55be869c4f716084a19b1e16932f0769711316ba62de941320bf2be84763d",]
selenium = [ "2b6f018e55f50e9c67a67caec2f73f806f72c162fb38cf3ea79e0a8f6506bf56", "5841fb30c3965866220c34d16de8e3d091e2833fcac385160a63db0c3522a297",]
simplegeneric = [ "dc972e06094b9af5b855b3df4a646395e43d1c9d0d39ed345b7393560d0b9173",]
six = [ "832dc0e10feb1aa2c68dcc57dbb658f1c7e65b9b61af69048abc87a2db00a0eb", "70e8a77beed4562e7f14fe23a786b54f6296e34344c23bc42f07b15018ff98e9",]
traitlets = [ "c6cb5e6f57c5a9bdaa40fa71ce7b4af30298fbab9ece9815b5d995ab6217c7d9", "9c4bd2d267b7153df9152698efb1050a5d84982d3384a37b2c1f7723ba3e7835",]
typing = [ "b2c689d54e1144bbcfd191b0832980a21c2dbcf7b5ff7a66248a60c90e951eb8", "3a887b021a77b292e151afb75323dea88a7bc1b3dfa92176cff8e44c8b68bddf", "d400a9344254803a2368533e4533a4200d21eb7b6b729c173bc38201a74db3f2",]
wcwidth = [ "f4ebe71925af7b40a864553f761ed559b43544f8f71746c2d756c7fe788ade7c", "3df37372226d6e63e1b1e1eda15c594bca98a22d33a23832a90998faa96bc65e",]
win-unicode-console = [ "d4142d4d56d46f449d6f00536a73625a871cba040f0bc1a2e305a04578f07d1e",]
